
Microsoft Visual Studio Solution File, Format Version 12.00
# Visual Studio Version 17
VisualStudioVersion = 17.0.31912.275
MinimumVisualStudioVersion = 10.0.40219.1
Project("{FAE04EC0-301F-11D3-BF4B-00C04F79EFBC}") = "SuperMarket.Entities", "SuperMarket.Entities\SuperMarket.Entities.csproj", "{C0A4382B-9CF8-442D-9DCD-7095A9249A27}"
EndProject
Project("{FAE04EC0-301F-11D3-BF4B-00C04F79EFBC}") = "SuperMarket.Migrations", "SuperMarket.Migrations\SuperMarket.Migrations.csproj", "{23983968-AE22-471E-90CD-906413AA48BC}"
EndProject
Project("{FAE04EC0-301F-11D3-BF4B-00C04F79EFBC}") = "SuperMarket.Infrastructure", "SuperMarket.Infrastructure\SuperMarket.Infrastructure.csproj", "{CA3FCD99-138C-448C-AA7F-8E171D22F116}"
EndProject
Project("{FAE04EC0-301F-11D3-BF4B-00C04F79EFBC}") = "SuperMarket.Persistence.EF", "SuperMarket.Persistence.EF\SuperMarket.Persistence.EF.csproj", "{8E367600-B11F-4D90-B871-1AAFB3E71A8F}"
EndProject
Project("{FAE04EC0-301F-11D3-BF4B-00C04F79EFBC}") = "SuperMarket.RestAPI", "SuperMarket.RestAPI\SuperMarket.RestAPI.csproj", "{3E1C9F1E-70FA-41E6-900A-D9C6D56C67C0}"
EndProject
Project("{2150E333-8FDC-42A3-9474-1A3956D46DE8}") = "src", "src", "{8EEF4DD2-E0DF-4688-AE8F-C072E20C57C6}"
EndProject
Project("{2150E333-8FDC-42A3-9474-1A3956D46DE8}") = "tests", "tests", "{C29A50BD-569E-44C8-B0D2-6F937CC859DA}"
EndProject
Project("{FAE04EC0-301F-11D3-BF4B-00C04F79EFBC}") = "SuperMarket.Services", "SuperMarket.Services\SuperMarket.Services.csproj", "{BB6E549B-CEEF-460C-A0A6-E1D838B14F5E}"
EndProject
Project("{FAE04EC0-301F-11D3-BF4B-00C04F79EFBC}") = "SuperMarket.Tests.Tools", "SuperMarket.Tests.Tools\SuperMarket.Tests.Tools.csproj", "{7F41D2F4-6E96-40D3-99B2-12E60F2C7A45}"
EndProject
Global
	GlobalSection(SolutionConfigurationPlatforms) = preSolution
		Debug|Any CPU = Debug|Any CPU
		Release|Any CPU = Release|Any CPU
	EndGlobalSection
	GlobalSection(ProjectConfigurationPlatforms) = postSolution
		{C0A4382B-9CF8-442D-9DCD-7095A9249A27}.Debug|Any CPU.ActiveCfg = Debug|Any CPU
		{C0A4382B-9CF8-442D-9DCD-7095A9249A27}.Debug|Any CPU.Build.0 = Debug|Any CPU
		{C0A4382B-9CF8-442D-9DCD-7095A9249A27}.Release|Any CPU.ActiveCfg = Release|Any CPU
		{C0A4382B-9CF8-442D-9DCD-7095A9249A27}.Release|Any CPU.Build.0 = Release|Any CPU
		{23983968-AE22-471E-90CD-906413AA48BC}.Debug|Any CPU.ActiveCfg = Debug|Any CPU
		{23983968-AE22-471E-90CD-906413AA48BC}.Debug|Any CPU.Build.0 = Debug|Any CPU
		{23983968-AE22-471E-90CD-906413AA48BC}.Release|Any CPU.ActiveCfg = Release|Any CPU
		{23983968-AE22-471E-90CD-906413AA48BC}.Release|Any CPU.Build.0 = Release|Any CPU
		{CA3FCD99-138C-448C-AA7F-8E171D22F116}.Debug|Any CPU.ActiveCfg = Debug|Any CPU
		{CA3FCD99-138C-448C-AA7F-8E171D22F116}.Debug|Any CPU.Build.0 = Debug|Any CPU
		{CA3FCD99-138C-448C-AA7F-8E171D22F116}.Release|Any CPU.ActiveCfg = Release|Any CPU
		{CA3FCD99-138C-448C-AA7F-8E171D22F116}.Release|Any CPU.Build.0 = Release|Any CPU
		{8E367600-B11F-4D90-B871-1AAFB3E71A8F}.Debug|Any CPU.ActiveCfg = Debug|Any CPU
		{8E367600-B11F-4D90-B871-1AAFB3E71A8F}.Debug|Any CPU.Build.0 = Debug|Any CPU
		{8E367600-B11F-4D90-B871-1AAFB3E71A8F}.Release|Any CPU.ActiveCfg = Release|Any CPU
		{8E367600-B11F-4D90-B871-1AAFB3E71A8F}.Release|Any CPU.Build.0 = Release|Any CPU
		{3E1C9F1E-70FA-41E6-900A-D9C6D56C67C0}.Debug|Any CPU.ActiveCfg = Debug|Any CPU
		{3E1C9F1E-70FA-41E6-900A-D9C6D56C67C0}.Debug|Any CPU.Build.0 = Debug|Any CPU
		{3E1C9F1E-70FA-41E6-900A-D9C6D56C67C0}.Release|Any CPU.ActiveCfg = Release|Any CPU
		{3E1C9F1E-70FA-41E6-900A-D9C6D56C67C0}.Release|Any CPU.Build.0 = Release|Any CPU
		{BB6E549B-CEEF-460C-A0A6-E1D838B14F5E}.Debug|Any CPU.ActiveCfg = Debug|Any CPU
		{BB6E549B-CEEF-460C-A0A6-E1D838B14F5E}.Debug|Any CPU.Build.0 = Debug|Any CPU
		{BB6E549B-CEEF-460C-A0A6-E1D838B14F5E}.Release|Any CPU.ActiveCfg = Release|Any CPU
		{BB6E549B-CEEF-460C-A0A6-E1D838B14F5E}.Release|Any CPU.Build.0 = Release|Any CPU
		{7F41D2F4-6E96-40D3-99B2-12E60F2C7A45}.Debug|Any CPU.ActiveCfg = Debug|Any CPU
		{7F41D2F4-6E96-40D3-99B2-12E60F2C7A45}.Debug|Any CPU.Build.0 = Debug|Any CPU
		{7F41D2F4-6E96-40D3-99B2-12E60F2C7A45}.Release|Any CPU.ActiveCfg = Release|Any CPU
		{7F41D2F4-6E96-40D3-99B2-12E60F2C7A45}.Release|Any CPU.Build.0 = Release|Any CPU
	EndGlobalSection
	GlobalSection(SolutionProperties) = preSolution
		HideSolutionNode = FALSE
	EndGlobalSection
	GlobalSection(NestedProjects) = preSolution
		{C0A4382B-9CF8-442D-9DCD-7095A9249A27} = {8EEF4DD2-E0DF-4688-AE8F-C072E20C57C6}
		{23983968-AE22-471E-90CD-906413AA48BC} = {8EEF4DD2-E0DF-4688-AE8F-C072E20C57C6}
		{CA3FCD99-138C-448C-AA7F-8E171D22F116} = {8EEF4DD2-E0DF-4688-AE8F-C072E20C57C6}
		{8E367600-B11F-4D90-B871-1AAFB3E71A8F} = {8EEF4DD2-E0DF-4688-AE8F-C072E20C57C6}
		{3E1C9F1E-70FA-41E6-900A-D9C6D56C67C0} = {8EEF4DD2-E0DF-4688-AE8F-C072E20C57C6}
		{BB6E549B-CEEF-460C-A0A6-E1D838B14F5E} = {8EEF4DD2-E0DF-4688-AE8F-C072E20C57C6}
		{7F41D2F4-6E96-40D3-99B2-12E60F2C7A45} = {C29A50BD-569E-44C8-B0D2-6F937CC859DA}
	EndGlobalSection
	GlobalSection(ExtensibilityGlobals) = postSolution
		SolutionGuid = {0F8BD9B3-1EE3-45BE-AF27-2391CD08C44C}
	EndGlobalSection
EndGlobal
