
Microsoft Visual Studio Solution File, Format Version 12.00
# Visual Studio Version 17
VisualStudioVersion = 17.0.31912.275
MinimumVisualStudioVersion = 10.0.40219.1
Project("{FAE04EC0-301F-11D3-BF4B-00C04F79EFBC}") = "SuperMarket.Entities", "SuperMarket.Entities\SuperMarket.Entities.csproj", "{C0A4382B-9CF8-442D-9DCD-7095A9249A27}"
EndProject
Project("{FAE04EC0-301F-11D3-BF4B-00C04F79EFBC}") = "SuperMarket.Migrations", "SuperMarket.Migrations\SuperMarket.Migrations.csproj", "{23983968-AE22-471E-90CD-906413AA48BC}"
EndProject
Project("{FAE04EC0-301F-11D3-BF4B-00C04F79EFBC}") = "SuperMarket.Infrastructure", "SuperMarket.Infrastructure\SuperMarket.Infrastructure.csproj", "{CA3FCD99-138C-448C-AA7F-8E171D22F116}"
EndProject
Project("{FAE04EC0-301F-11D3-BF4B-00C04F79EFBC}") = "SuperMarket.Persistence.EF", "SuperMarket.Persistence.EF\SuperMarket.Persistence.EF.csproj", "{8E367600-B11F-4D90-B871-1AAFB3E71A8F}"
EndProject
Global
	GlobalSection(SolutionConfigurationPlatforms) = preSolution
		Debug|Any CPU = Debug|Any CPU
		Release|Any CPU = Release|Any CPU
	EndGlobalSection
	GlobalSection(ProjectConfigurationPlatforms) = postSolution
		{C0A4382B-9CF8-442D-9DCD-7095A9249A27}.Debug|Any CPU.ActiveCfg = Debug|Any CPU
		{C0A4382B-9CF8-442D-9DCD-7095A9249A27}.Debug|Any CPU.Build.0 = Debug|Any CPU
		{C0A4382B-9CF8-442D-9DCD-7095A9249A27}.Release|Any CPU.ActiveCfg = Release|Any CPU
		{C0A4382B-9CF8-442D-9DCD-7095A9249A27}.Release|Any CPU.Build.0 = Release|Any CPU
		{23983968-AE22-471E-90CD-906413AA48BC}.Debug|Any CPU.ActiveCfg = Debug|Any CPU
		{23983968-AE22-471E-90CD-906413AA48BC}.Debug|Any CPU.Build.0 = Debug|Any CPU
		{23983968-AE22-471E-90CD-906413AA48BC}.Release|Any CPU.ActiveCfg = Release|Any CPU
		{23983968-AE22-471E-90CD-906413AA48BC}.Release|Any CPU.Build.0 = Release|Any CPU
		{CA3FCD99-138C-448C-AA7F-8E171D22F116}.Debug|Any CPU.ActiveCfg = Debug|Any CPU
		{CA3FCD99-138C-448C-AA7F-8E171D22F116}.Debug|Any CPU.Build.0 = Debug|Any CPU
		{CA3FCD99-138C-448C-AA7F-8E171D22F116}.Release|Any CPU.ActiveCfg = Release|Any CPU
		{CA3FCD99-138C-448C-AA7F-8E171D22F116}.Release|Any CPU.Build.0 = Release|Any CPU
		{8E367600-B11F-4D90-B871-1AAFB3E71A8F}.Debug|Any CPU.ActiveCfg = Debug|Any CPU
		{8E367600-B11F-4D90-B871-1AAFB3E71A8F}.Debug|Any CPU.Build.0 = Debug|Any CPU
		{8E367600-B11F-4D90-B871-1AAFB3E71A8F}.Release|Any CPU.ActiveCfg = Release|Any CPU
		{8E367600-B11F-4D90-B871-1AAFB3E71A8F}.Release|Any CPU.Build.0 = Release|Any CPU
	EndGlobalSection
	GlobalSection(SolutionProperties) = preSolution
		HideSolutionNode = FALSE
	EndGlobalSection
	GlobalSection(ExtensibilityGlobals) = postSolution
		SolutionGuid = {0F8BD9B3-1EE3-45BE-AF27-2391CD08C44C}
	EndGlobalSection
EndGlobal
